
Microsoft Visual Studio Solution File, Format Version 12.00
Project("{2150E333-8FDC-42A3-9474-1A3956D46DE8}") = "Restaurants", "Restaurants", "{CBC162B0-8D4A-4479-AC09-4370AB930445}"
EndProject
Project("{FAE04EC0-301F-11D3-BF4B-00C04F79EFBC}") = "CetusFood.Restaurants.API", "CetusFood.Restaurants.API\CetusFood.Restaurants.API.csproj", "{040C5788-8D05-4B8C-9DD0-79FD7DAECD22}"
EndProject
Project("{FAE04EC0-301F-11D3-BF4B-00C04F79EFBC}") = "CetusFood.Restaurants.Domain", "CetusFood.Restaurants.Domain\CetusFood.Restaurants.Domain.csproj", "{00EEAD79-EE44-4B37-9C65-4B1B9F39A485}"
EndProject
Project("{FAE04EC0-301F-11D3-BF4B-00C04F79EFBC}") = "CetusFood.Restaurants.Infrastructure", "CetusFood.Restaurants.Infrastructure\CetusFood.Restaurants.Infrastructure.csproj", "{D1698179-D5D0-4398-A028-45659EED5436}"
EndProject
Project("{FAE04EC0-301F-11D3-BF4B-00C04F79EFBC}") = "CetusFood.Restaurants.Application", "CetusFood.Restaurants.Application\CetusFood.Restaurants.Application.csproj", "{D7AC6B21-3632-4D2B-81BD-E78395FCDDB7}"
EndProject
Project("{2150E333-8FDC-42A3-9474-1A3956D46DE8}") = "Common", "Common", "{4F51568B-7F1A-4545-87F9-C32100794FD2}"
EndProject
Project("{FAE04EC0-301F-11D3-BF4B-00C04F79EFBC}") = "CetusFood.Common.Abstractions", "CetusFood.Common.Abstractions\CetusFood.Common.Abstractions.csproj", "{760ED7A0-1B2B-4DE4-B3DC-CA2ABADFF5D5}"
EndProject
Project("{2150E333-8FDC-42A3-9474-1A3956D46DE8}") = "Auth", "Auth", "{5211CA9F-A7DC-4AA0-BEF1-BCA7A6A66254}"
EndProject
Project("{FAE04EC0-301F-11D3-BF4B-00C04F79EFBC}") = "CetusFood.Auth.Domain", "CetusFood.Auth.Domain\CetusFood.Auth.Domain.csproj", "{EB8C9367-8DB6-4E95-9946-69A38B21966A}"
EndProject
Project("{FAE04EC0-301F-11D3-BF4B-00C04F79EFBC}") = "CetusFood.Auth.Application", "CetusFood.Auth.Application\CetusFood.Auth.Application.csproj", "{8E7090A2-BD4D-4A31-A9FF-719611D608DB}"
EndProject
Project("{FAE04EC0-301F-11D3-BF4B-00C04F79EFBC}") = "CetusFood.Auth.Infrastructure", "CetusFood.Auth.Infrastructure\CetusFood.Auth.Infrastructure.csproj", "{F1EDDB64-144A-4783-86C6-603842A511B9}"
EndProject
Project("{FAE04EC0-301F-11D3-BF4B-00C04F79EFBC}") = "CetusFood.Auth.API", "CetusFood.Auth.API\CetusFood.Auth.API.csproj", "{7A09FE41-544F-4C24-AD4E-CFDA9C7407E5}"
EndProject
Global
	GlobalSection(SolutionConfigurationPlatforms) = preSolution
		Debug|Any CPU = Debug|Any CPU
		Release|Any CPU = Release|Any CPU
	EndGlobalSection
	GlobalSection(ProjectConfigurationPlatforms) = postSolution
		{040C5788-8D05-4B8C-9DD0-79FD7DAECD22}.Debug|Any CPU.ActiveCfg = Debug|Any CPU
		{040C5788-8D05-4B8C-9DD0-79FD7DAECD22}.Debug|Any CPU.Build.0 = Debug|Any CPU
		{040C5788-8D05-4B8C-9DD0-79FD7DAECD22}.Release|Any CPU.ActiveCfg = Release|Any CPU
		{040C5788-8D05-4B8C-9DD0-79FD7DAECD22}.Release|Any CPU.Build.0 = Release|Any CPU
		{00EEAD79-EE44-4B37-9C65-4B1B9F39A485}.Debug|Any CPU.ActiveCfg = Debug|Any CPU
		{00EEAD79-EE44-4B37-9C65-4B1B9F39A485}.Debug|Any CPU.Build.0 = Debug|Any CPU
		{00EEAD79-EE44-4B37-9C65-4B1B9F39A485}.Release|Any CPU.ActiveCfg = Release|Any CPU
		{00EEAD79-EE44-4B37-9C65-4B1B9F39A485}.Release|Any CPU.Build.0 = Release|Any CPU
		{D1698179-D5D0-4398-A028-45659EED5436}.Debug|Any CPU.ActiveCfg = Debug|Any CPU
		{D1698179-D5D0-4398-A028-45659EED5436}.Debug|Any CPU.Build.0 = Debug|Any CPU
		{D1698179-D5D0-4398-A028-45659EED5436}.Release|Any CPU.ActiveCfg = Release|Any CPU
		{D1698179-D5D0-4398-A028-45659EED5436}.Release|Any CPU.Build.0 = Release|Any CPU
		{D7AC6B21-3632-4D2B-81BD-E78395FCDDB7}.Debug|Any CPU.ActiveCfg = Debug|Any CPU
		{D7AC6B21-3632-4D2B-81BD-E78395FCDDB7}.Debug|Any CPU.Build.0 = Debug|Any CPU
		{D7AC6B21-3632-4D2B-81BD-E78395FCDDB7}.Release|Any CPU.ActiveCfg = Release|Any CPU
		{D7AC6B21-3632-4D2B-81BD-E78395FCDDB7}.Release|Any CPU.Build.0 = Release|Any CPU
		{760ED7A0-1B2B-4DE4-B3DC-CA2ABADFF5D5}.Debug|Any CPU.ActiveCfg = Debug|Any CPU
		{760ED7A0-1B2B-4DE4-B3DC-CA2ABADFF5D5}.Debug|Any CPU.Build.0 = Debug|Any CPU
		{760ED7A0-1B2B-4DE4-B3DC-CA2ABADFF5D5}.Release|Any CPU.ActiveCfg = Release|Any CPU
		{760ED7A0-1B2B-4DE4-B3DC-CA2ABADFF5D5}.Release|Any CPU.Build.0 = Release|Any CPU
		{EB8C9367-8DB6-4E95-9946-69A38B21966A}.Debug|Any CPU.ActiveCfg = Debug|Any CPU
		{EB8C9367-8DB6-4E95-9946-69A38B21966A}.Debug|Any CPU.Build.0 = Debug|Any CPU
		{EB8C9367-8DB6-4E95-9946-69A38B21966A}.Release|Any CPU.ActiveCfg = Release|Any CPU
		{EB8C9367-8DB6-4E95-9946-69A38B21966A}.Release|Any CPU.Build.0 = Release|Any CPU
		{8E7090A2-BD4D-4A31-A9FF-719611D608DB}.Debug|Any CPU.ActiveCfg = Debug|Any CPU
		{8E7090A2-BD4D-4A31-A9FF-719611D608DB}.Debug|Any CPU.Build.0 = Debug|Any CPU
		{8E7090A2-BD4D-4A31-A9FF-719611D608DB}.Release|Any CPU.ActiveCfg = Release|Any CPU
		{8E7090A2-BD4D-4A31-A9FF-719611D608DB}.Release|Any CPU.Build.0 = Release|Any CPU
		{F1EDDB64-144A-4783-86C6-603842A511B9}.Debug|Any CPU.ActiveCfg = Debug|Any CPU
		{F1EDDB64-144A-4783-86C6-603842A511B9}.Debug|Any CPU.Build.0 = Debug|Any CPU
		{F1EDDB64-144A-4783-86C6-603842A511B9}.Release|Any CPU.ActiveCfg = Release|Any CPU
		{F1EDDB64-144A-4783-86C6-603842A511B9}.Release|Any CPU.Build.0 = Release|Any CPU
		{7A09FE41-544F-4C24-AD4E-CFDA9C7407E5}.Debug|Any CPU.ActiveCfg = Debug|Any CPU
		{7A09FE41-544F-4C24-AD4E-CFDA9C7407E5}.Debug|Any CPU.Build.0 = Debug|Any CPU
		{7A09FE41-544F-4C24-AD4E-CFDA9C7407E5}.Release|Any CPU.ActiveCfg = Release|Any CPU
		{7A09FE41-544F-4C24-AD4E-CFDA9C7407E5}.Release|Any CPU.Build.0 = Release|Any CPU
	EndGlobalSection
	GlobalSection(NestedProjects) = preSolution
		{040C5788-8D05-4B8C-9DD0-79FD7DAECD22} = {CBC162B0-8D4A-4479-AC09-4370AB930445}
		{00EEAD79-EE44-4B37-9C65-4B1B9F39A485} = {CBC162B0-8D4A-4479-AC09-4370AB930445}
		{D1698179-D5D0-4398-A028-45659EED5436} = {CBC162B0-8D4A-4479-AC09-4370AB930445}
		{D7AC6B21-3632-4D2B-81BD-E78395FCDDB7} = {CBC162B0-8D4A-4479-AC09-4370AB930445}
		{760ED7A0-1B2B-4DE4-B3DC-CA2ABADFF5D5} = {4F51568B-7F1A-4545-87F9-C32100794FD2}
		{EB8C9367-8DB6-4E95-9946-69A38B21966A} = {5211CA9F-A7DC-4AA0-BEF1-BCA7A6A66254}
		{8E7090A2-BD4D-4A31-A9FF-719611D608DB} = {5211CA9F-A7DC-4AA0-BEF1-BCA7A6A66254}
		{F1EDDB64-144A-4783-86C6-603842A511B9} = {5211CA9F-A7DC-4AA0-BEF1-BCA7A6A66254}
		{7A09FE41-544F-4C24-AD4E-CFDA9C7407E5} = {5211CA9F-A7DC-4AA0-BEF1-BCA7A6A66254}
	EndGlobalSection
EndGlobal
